
Microsoft Visual Studio Solution File, Format Version 12.00
# Visual Studio Version 17
VisualStudioVersion = 17.9.34723.18
MinimumVisualStudioVersion = 10.0.40219.1
Project("{9A19103F-16F7-4668-BE54-9A1E7A4F7556}") = "C  # L2", "C  # L2\C  # L2.csproj", "{0007E44C-BD1E-4288-B625-B5E613F22955}"
EndProject
Project("{9A19103F-16F7-4668-BE54-9A1E7A4F7556}") = "L3- Variables and types", "L3- Variables and types\L3- Variables and types.csproj", "{3239CE58-57A8-4E73-959B-342342FE8199}"
EndProject
Project("{9A19103F-16F7-4668-BE54-9A1E7A4F7556}") = "L4 type transform and string format change", "L4 type transform and string format change\L4 type transform and string format change.csproj", "{45D246B1-FB31-4B2E-ACC9-02FA9F90FAFD}"
EndProject
Project("{9A19103F-16F7-4668-BE54-9A1E7A4F7556}") = "L5, condition sentence", "L5, condition sentence\L5, condition sentence.csproj", "{9A233B1E-AA18-42A5-9870-C397EA7B87D6}"
EndProject
Project("{9A19103F-16F7-4668-BE54-9A1E7A4F7556}") = "L6 while loop", "L6 while loop\L6 while loop.csproj", "{2CD6A619-1C1E-45A6-9E1B-8C31BCF46DE4}"
EndProject
Project("{9A19103F-16F7-4668-BE54-9A1E7A4F7556}") = "L7 for loop", "L7 for loop\L7 for loop.csproj", "{1D2D1EC4-2E0E-4EF5-A0F1-0E9F26F05F73}"
EndProject
Project("{9A19103F-16F7-4668-BE54-9A1E7A4F7556}") = "L8 Switch case and ennumeration", "L8 Switch case and ennumeration\L8 Switch case and ennumeration.csproj", "{C475AE4B-B2F9-40A6-99A5-C43A2257CF51}"
EndProject
Project("{9A19103F-16F7-4668-BE54-9A1E7A4F7556}") = "L9 Function", "L9 Function\L9 Function.csproj", "{853879FF-6CA3-477E-9F91-36402327E5AD}"
EndProject
Project("{FAE04EC0-301F-11D3-BF4B-00C04F79EFBC}") = "L10 array", "L10 array\L10 array.csproj", "{19EE0DC9-5591-4DD5-B507-C205346E9207}"
EndProject
Global
	GlobalSection(SolutionConfigurationPlatforms) = preSolution
		Debug|Any CPU = Debug|Any CPU
		Release|Any CPU = Release|Any CPU
	EndGlobalSection
	GlobalSection(ProjectConfigurationPlatforms) = postSolution
		{0007E44C-BD1E-4288-B625-B5E613F22955}.Debug|Any CPU.ActiveCfg = Debug|Any CPU
		{0007E44C-BD1E-4288-B625-B5E613F22955}.Debug|Any CPU.Build.0 = Debug|Any CPU
		{0007E44C-BD1E-4288-B625-B5E613F22955}.Release|Any CPU.ActiveCfg = Release|Any CPU
		{0007E44C-BD1E-4288-B625-B5E613F22955}.Release|Any CPU.Build.0 = Release|Any CPU
		{3239CE58-57A8-4E73-959B-342342FE8199}.Debug|Any CPU.ActiveCfg = Debug|Any CPU
		{3239CE58-57A8-4E73-959B-342342FE8199}.Debug|Any CPU.Build.0 = Debug|Any CPU
		{3239CE58-57A8-4E73-959B-342342FE8199}.Release|Any CPU.ActiveCfg = Release|Any CPU
		{3239CE58-57A8-4E73-959B-342342FE8199}.Release|Any CPU.Build.0 = Release|Any CPU
		{45D246B1-FB31-4B2E-ACC9-02FA9F90FAFD}.Debug|Any CPU.ActiveCfg = Debug|Any CPU
		{45D246B1-FB31-4B2E-ACC9-02FA9F90FAFD}.Debug|Any CPU.Build.0 = Debug|Any CPU
		{45D246B1-FB31-4B2E-ACC9-02FA9F90FAFD}.Release|Any CPU.ActiveCfg = Release|Any CPU
		{45D246B1-FB31-4B2E-ACC9-02FA9F90FAFD}.Release|Any CPU.Build.0 = Release|Any CPU
		{9A233B1E-AA18-42A5-9870-C397EA7B87D6}.Debug|Any CPU.ActiveCfg = Debug|Any CPU
		{9A233B1E-AA18-42A5-9870-C397EA7B87D6}.Debug|Any CPU.Build.0 = Debug|Any CPU
		{9A233B1E-AA18-42A5-9870-C397EA7B87D6}.Release|Any CPU.ActiveCfg = Release|Any CPU
		{9A233B1E-AA18-42A5-9870-C397EA7B87D6}.Release|Any CPU.Build.0 = Release|Any CPU
		{2CD6A619-1C1E-45A6-9E1B-8C31BCF46DE4}.Debug|Any CPU.ActiveCfg = Debug|Any CPU
		{2CD6A619-1C1E-45A6-9E1B-8C31BCF46DE4}.Debug|Any CPU.Build.0 = Debug|Any CPU
		{2CD6A619-1C1E-45A6-9E1B-8C31BCF46DE4}.Release|Any CPU.ActiveCfg = Release|Any CPU
		{2CD6A619-1C1E-45A6-9E1B-8C31BCF46DE4}.Release|Any CPU.Build.0 = Release|Any CPU
		{1D2D1EC4-2E0E-4EF5-A0F1-0E9F26F05F73}.Debug|Any CPU.ActiveCfg = Debug|Any CPU
		{1D2D1EC4-2E0E-4EF5-A0F1-0E9F26F05F73}.Debug|Any CPU.Build.0 = Debug|Any CPU
		{1D2D1EC4-2E0E-4EF5-A0F1-0E9F26F05F73}.Release|Any CPU.ActiveCfg = Release|Any CPU
		{1D2D1EC4-2E0E-4EF5-A0F1-0E9F26F05F73}.Release|Any CPU.Build.0 = Release|Any CPU
		{C475AE4B-B2F9-40A6-99A5-C43A2257CF51}.Debug|Any CPU.ActiveCfg = Debug|Any CPU
		{C475AE4B-B2F9-40A6-99A5-C43A2257CF51}.Debug|Any CPU.Build.0 = Debug|Any CPU
		{C475AE4B-B2F9-40A6-99A5-C43A2257CF51}.Release|Any CPU.ActiveCfg = Release|Any CPU
		{C475AE4B-B2F9-40A6-99A5-C43A2257CF51}.Release|Any CPU.Build.0 = Release|Any CPU
		{853879FF-6CA3-477E-9F91-36402327E5AD}.Debug|Any CPU.ActiveCfg = Debug|Any CPU
		{853879FF-6CA3-477E-9F91-36402327E5AD}.Debug|Any CPU.Build.0 = Debug|Any CPU
		{853879FF-6CA3-477E-9F91-36402327E5AD}.Release|Any CPU.ActiveCfg = Release|Any CPU
		{853879FF-6CA3-477E-9F91-36402327E5AD}.Release|Any CPU.Build.0 = Release|Any CPU
		{19EE0DC9-5591-4DD5-B507-C205346E9207}.Debug|Any CPU.ActiveCfg = Debug|Any CPU
		{19EE0DC9-5591-4DD5-B507-C205346E9207}.Debug|Any CPU.Build.0 = Debug|Any CPU
		{19EE0DC9-5591-4DD5-B507-C205346E9207}.Release|Any CPU.ActiveCfg = Release|Any CPU
		{19EE0DC9-5591-4DD5-B507-C205346E9207}.Release|Any CPU.Build.0 = Release|Any CPU
	EndGlobalSection
	GlobalSection(SolutionProperties) = preSolution
		HideSolutionNode = FALSE
	EndGlobalSection
	GlobalSection(ExtensibilityGlobals) = postSolution
		SolutionGuid = {0DEA8B36-084A-431E-ADBC-60466DE99C64}
	EndGlobalSection
EndGlobal
